
Microsoft Visual Studio Solution File, Format Version 12.00
# Visual Studio 15
VisualStudioVersion = 15.0.28307.852
MinimumVisualStudioVersion = 10.0.40219.1
Project("{FAE04EC0-301F-11D3-BF4B-00C04F79EFBC}") = "AccesoDatos", "AccesoDatos\AccesoDatos.csproj", "{9B831441-99D9-434B-9B94-A382C6C39EF1}"
EndProject
Project("{FAE04EC0-301F-11D3-BF4B-00C04F79EFBC}") = "Entidades", "Entidades\Entidades.csproj", "{7D86F2EC-4555-4029-A36E-79CD24A2A1BB}"
EndProject
Project("{FAE04EC0-301F-11D3-BF4B-00C04F79EFBC}") = "ManejoDatos", "ManejoDatos\ManejoDatos.csproj", "{F45BBC59-5BC9-4CA8-8360-75B0BA62074B}"
EndProject
Project("{FAE04EC0-301F-11D3-BF4B-00C04F79EFBC}") = "Negocio", "Negocio\Negocio.csproj", "{9BC63037-9853-47A5-9856-2AD303A6B37F}"
EndProject
Project("{FAE04EC0-301F-11D3-BF4B-00C04F79EFBC}") = "Presentacion", "Presentacion\Presentacion.csproj", "{C04E7E0C-0AFF-4857-91BA-66F9861E33AE}"
EndProject
Global
	GlobalSection(SolutionConfigurationPlatforms) = preSolution
		Debug|Any CPU = Debug|Any CPU
		Release|Any CPU = Release|Any CPU
	EndGlobalSection
	GlobalSection(ProjectConfigurationPlatforms) = postSolution
		{9B831441-99D9-434B-9B94-A382C6C39EF1}.Debug|Any CPU.ActiveCfg = Debug|Any CPU
		{9B831441-99D9-434B-9B94-A382C6C39EF1}.Debug|Any CPU.Build.0 = Debug|Any CPU
		{9B831441-99D9-434B-9B94-A382C6C39EF1}.Release|Any CPU.ActiveCfg = Release|Any CPU
		{9B831441-99D9-434B-9B94-A382C6C39EF1}.Release|Any CPU.Build.0 = Release|Any CPU
		{7D86F2EC-4555-4029-A36E-79CD24A2A1BB}.Debug|Any CPU.ActiveCfg = Debug|Any CPU
		{7D86F2EC-4555-4029-A36E-79CD24A2A1BB}.Debug|Any CPU.Build.0 = Debug|Any CPU
		{7D86F2EC-4555-4029-A36E-79CD24A2A1BB}.Release|Any CPU.ActiveCfg = Release|Any CPU
		{7D86F2EC-4555-4029-A36E-79CD24A2A1BB}.Release|Any CPU.Build.0 = Release|Any CPU
		{F45BBC59-5BC9-4CA8-8360-75B0BA62074B}.Debug|Any CPU.ActiveCfg = Debug|Any CPU
		{F45BBC59-5BC9-4CA8-8360-75B0BA62074B}.Debug|Any CPU.Build.0 = Debug|Any CPU
		{F45BBC59-5BC9-4CA8-8360-75B0BA62074B}.Release|Any CPU.ActiveCfg = Release|Any CPU
		{F45BBC59-5BC9-4CA8-8360-75B0BA62074B}.Release|Any CPU.Build.0 = Release|Any CPU
		{9BC63037-9853-47A5-9856-2AD303A6B37F}.Debug|Any CPU.ActiveCfg = Debug|Any CPU
		{9BC63037-9853-47A5-9856-2AD303A6B37F}.Debug|Any CPU.Build.0 = Debug|Any CPU
		{9BC63037-9853-47A5-9856-2AD303A6B37F}.Release|Any CPU.ActiveCfg = Release|Any CPU
		{9BC63037-9853-47A5-9856-2AD303A6B37F}.Release|Any CPU.Build.0 = Release|Any CPU
		{C04E7E0C-0AFF-4857-91BA-66F9861E33AE}.Debug|Any CPU.ActiveCfg = Debug|Any CPU
		{C04E7E0C-0AFF-4857-91BA-66F9861E33AE}.Debug|Any CPU.Build.0 = Debug|Any CPU
		{C04E7E0C-0AFF-4857-91BA-66F9861E33AE}.Release|Any CPU.ActiveCfg = Release|Any CPU
		{C04E7E0C-0AFF-4857-91BA-66F9861E33AE}.Release|Any CPU.Build.0 = Release|Any CPU
	EndGlobalSection
	GlobalSection(SolutionProperties) = preSolution
		HideSolutionNode = FALSE
	EndGlobalSection
	GlobalSection(ExtensibilityGlobals) = postSolution
		SolutionGuid = {F2B0D301-9DDE-46A0-8BD3-5945111F4504}
	EndGlobalSection
EndGlobal
